// !$*UTF8*$!
{
	archiveVersion = 1;
	classes = {
	};
	objectVersion = 46;
	objects = {

/* Begin PBXBuildFile section */
		2535045A1D3DD21D002B0C6E /* AppDelegate.swift in Sources */ = {isa = PBXBuildFile; fileRef = 253504591D3DD21D002B0C6E /* AppDelegate.swift */; };
		2535045C1D3DD21D002B0C6E /* ViewController.swift in Sources */ = {isa = PBXBuildFile; fileRef = 2535045B1D3DD21D002B0C6E /* ViewController.swift */; };
		2535045F1D3DD21D002B0C6E /* Main.storyboard in Resources */ = {isa = PBXBuildFile; fileRef = 2535045D1D3DD21D002B0C6E /* Main.storyboard */; };
		253504611D3DD21D002B0C6E /* Assets.xcassets in Resources */ = {isa = PBXBuildFile; fileRef = 253504601D3DD21D002B0C6E /* Assets.xcassets */; };
		253504641D3DD21D002B0C6E /* LaunchScreen.storyboard in Resources */ = {isa = PBXBuildFile; fileRef = 253504621D3DD21D002B0C6E /* LaunchScreen.storyboard */; };
		2535046C1D3DD246002B0C6E /* SGCalendar.swift in Sources */ = {isa = PBXBuildFile; fileRef = 2535046B1D3DD246002B0C6E /* SGCalendar.swift */; };
/* End PBXBuildFile section */

/* Begin PBXFileReference section */
		253504561D3DD21D002B0C6E /* SGCalendar.app */ = {isa = PBXFileReference; explicitFileType = wrapper.application; includeInIndex = 0; path = SGCalendar.app; sourceTree = BUILT_PRODUCTS_DIR; };
		253504591D3DD21D002B0C6E /* AppDelegate.swift */ = {isa = PBXFileReference; lastKnownFileType = sourcecode.swift; path = AppDelegate.swift; sourceTree = "<group>"; };
		2535045B1D3DD21D002B0C6E /* ViewController.swift */ = {isa = PBXFileReference; lastKnownFileType = sourcecode.swift; path = ViewController.swift; sourceTree = "<group>"; };
		2535045E1D3DD21D002B0C6E /* Base */ = {isa = PBXFileReference; lastKnownFileType = file.storyboard; name = Base; path = Base.lproj/Main.storyboard; sourceTree = "<group>"; };
		253504601D3DD21D002B0C6E /* Assets.xcassets */ = {isa = PBXFileReference; lastKnownFileType = folder.assetcatalog; path = Assets.xcassets; sourceTree = "<group>"; };
		253504631D3DD21D002B0C6E /* Base */ = {isa = PBXFileReference; lastKnownFileType = file.storyboard; name = Base; path = Base.lproj/LaunchScreen.storyboard; sourceTree = "<group>"; };
		253504651D3DD21D002B0C6E /* Info.plist */ = {isa = PBXFileReference; lastKnownFileType = text.plist.xml; path = Info.plist; sourceTree = "<group>"; };
		2535046B1D3DD246002B0C6E /* SGCalendar.swift */ = {isa = PBXFileReference; fileEncoding = 4; lastKnownFileType = sourcecode.swift; path = SGCalendar.swift; sourceTree = "<group>"; };
/* End PBXFileReference section */

/* Begin PBXFrameworksBuildPhase section */
		253504531D3DD21D002B0C6E /* Frameworks */ = {
			isa = PBXFrameworksBuildPhase;
			buildActionMask = 2147483647;
			files = (
			);
			runOnlyForDeploymentPostprocessing = 0;
		};
/* End PBXFrameworksBuildPhase section */

/* Begin PBXGroup section */
		2535044D1D3DD21D002B0C6E = {
			isa = PBXGroup;
			children = (
				2535046B1D3DD246002B0C6E /* SGCalendar.swift */,
				253504581D3DD21D002B0C6E /* SGCalendar */,
				253504571D3DD21D002B0C6E /* Products */,
			);
			sourceTree = "<group>";
		};
		253504571D3DD21D002B0C6E /* Products */ = {
			isa = PBXGroup;
			children = (
				253504561D3DD21D002B0C6E /* SGCalendar.app */,
			);
			name = Products;
			sourceTree = "<group>";
		};
		253504581D3DD21D002B0C6E /* SGCalendar */ = {
			isa = PBXGroup;
			children = (
				253504591D3DD21D002B0C6E /* AppDelegate.swift */,
				2535045B1D3DD21D002B0C6E /* ViewController.swift */,
				2535045D1D3DD21D002B0C6E /* Main.storyboard */,
				253504601D3DD21D002B0C6E /* Assets.xcassets */,
				253504621D3DD21D002B0C6E /* LaunchScreen.storyboard */,
				253504651D3DD21D002B0C6E /* Info.plist */,
			);
			path = SGCalendar;
			sourceTree = "<group>";
		};
/* End PBXGroup section */

/* Begin PBXNativeTarget section */
		253504551D3DD21D002B0C6E /* SGCalendar */ = {
			isa = PBXNativeTarget;
			buildConfigurationList = 253504681D3DD21D002B0C6E /* Build configuration list for PBXNativeTarget "SGCalendar" */;
			buildPhases = (
				253504521D3DD21D002B0C6E /* Sources */,
				253504531D3DD21D002B0C6E /* Frameworks */,
				253504541D3DD21D002B0C6E /* Resources */,
			);
			buildRules = (
			);
			dependencies = (
			);
			name = SGCalendar;
			productName = SGCalendar;
			productReference = 253504561D3DD21D002B0C6E /* SGCalendar.app */;
			productType = "com.apple.product-type.application";
		};
/* End PBXNativeTarget section */

/* Begin PBXProject section */
		2535044E1D3DD21D002B0C6E /* Project object */ = {
			isa = PBXProject;
			attributes = {
				LastSwiftUpdateCheck = 0730;
				LastUpgradeCheck = 0730;
				ORGANIZATIONNAME = shuige;
				TargetAttributes = {
					253504551D3DD21D002B0C6E = {
						CreatedOnToolsVersion = 7.3;
					};
				};
			};
			buildConfigurationList = 253504511D3DD21D002B0C6E /* Build configuration list for PBXProject "SGCalendar" */;
			compatibilityVersion = "Xcode 3.2";
			developmentRegion = English;
			hasScannedForEncodings = 0;
			knownRegions = (
				en,
				Base,
			);
			mainGroup = 2535044D1D3DD21D002B0C6E;
			productRefGroup = 253504571D3DD21D002B0C6E /* Products */;
			projectDirPath = "";
			projectRoot = "";
			targets = (
				253504551D3DD21D002B0C6E /* SGCalendar */,
			);
		};
/* End PBXProject section */

/* Begin PBXResourcesBuildPhase section */
		253504541D3DD21D002B0C6E /* Resources */ = {
			isa = PBXResourcesBuildPhase;
			buildActionMask = 2147483647;
			files = (
				253504641D3DD21D002B0C6E /* LaunchScreen.storyboard in Resources */,
				253504611D3DD21D002B0C6E /* Assets.xcassets in Resources */,
				2535045F1D3DD21D002B0C6E /* Main.storyboard in Resources */,
			);
			runOnlyForDeploymentPostprocessing = 0;
		};
/* End PBXResourcesBuildPhase section */

/* Begin PBXSourcesBuildPhase section */
		253504521D3DD21D002B0C6E /* Sources */ = {
			isa = PBXSourcesBuildPhase;
			buildActionMask = 2147483647;
			files = (
				2535046C1D3DD246002B0C6E /* SGCalendar.swift in Sources */,
				2535045C1D3DD21D002B0C6E /* ViewController.swift in Sources */,
				2535045A1D3DD21D002B0C6E /* AppDelegate.swift in Sources */,
			);
			runOnlyForDeploymentPostprocessing = 0;
		};
/* End PBXSourcesBuildPhase section */

/* Begin PBXVariantGroup section */
		2535045D1D3DD21D002B0C6E /* Main.storyboard */ = {
			isa = PBXVariantGroup;
			children = (
				2535045E1D3DD21D002B0C6E /* Base */,
			);
			name = Main.storyboard;
			sourceTree = "<group>";
		};
		253504621D3DD21D002B0C6E /* LaunchScreen.storyboard */ = {
			isa = PBXVariantGroup;
			children = (
				253504631D3DD21D002B0C6E /* Base */,
			);
			name = LaunchScreen.storyboard;
			sourceTree = "<group>";
		};
/* End PBXVariantGroup section */

/* Begin XCBuildConfiguration section */
		253504661D3DD21D002B0C6E /* Debug */ = {
			isa = XCBuildConfiguration;
			buildSettings = {
				ALWAYS_SEARCH_USER_PATHS = NO;
				CLANG_ANALYZER_NONNULL = YES;
				CLANG_CXX_LANGUAGE_STANDARD = "gnu++0x";
				CLANG_CXX_LIBRARY = "libc++";
				CLANG_ENABLE_MODULES = YES;
				CLANG_ENABLE_OBJC_ARC = YES;
				CLANG_WARN_BOOL_CONVERSION = YES;
				CLANG_WARN_CONSTANT_CONVERSION = YES;
				CLANG_WARN_DIRECT_OBJC_ISA_USAGE = YES_ERROR;
				CLANG_WARN_EMPTY_BODY = YES;
				CLANG_WARN_ENUM_CONVERSION = YES;
				CLANG_WARN_INT_CONVERSION = YES;
				CLANG_WARN_OBJC_ROOT_CLASS = YES_ERROR;
				CLANG_WARN_UNREACHABLE_CODE = YES;
				CLANG_WARN__DUPLICATE_METHOD_MATCH = YES;
				"CODE_SIGN_IDENTITY[sdk=iphoneos*]" = "iPhone Developer";
				COPY_PHASE_STRIP = NO;
				DEBUG_INFORMATION_FORMAT = dwarf;
				ENABLE_STRICT_OBJC_MSGSEND = YES;
				ENABLE_TESTABILITY = YES;
				GCC_C_LANGUAGE_STANDARD = gnu99;
				GCC_DYNAMIC_NO_PIC = NO;
				GCC_NO_COMMON_BLOCKS = YES;
				GCC_OPTIMIZATION_LEVEL = 0;
				GCC_PREPROCESSOR_DEFINITIONS = (
					"DEBUG=1",
					"$(inherited)",
				);
				GCC_WARN_64_TO_32_BIT_CONVERSION = YES;
				GCC_WARN_ABOUT_RETURN_TYPE = YES_ERROR;
				GCC_WARN_UNDECLARED_SELECTOR = YES;
				GCC_WARN_UNINITIALIZED_AUTOS = YES_AGGRESSIVE;
				GCC_WARN_UNUSED_FUNCTION = YES;
				GCC_WARN_UNUSED_VARIABLE = YES;
				IPHONEOS_DEPLOYMENT_TARGET = 9.3;
				MTL_ENABLE_DEBUG_INFO = YES;
				ONLY_ACTIVE_ARCH = YES;
				SDKROOT = iphoneos;
				SWIFT_OPTIMIZATION_LEVEL = "-Onone";
				TARGETED_DEVICE_FAMILY = "1,2";
			};
			name = Debug;
		};
		253504671D3DD21D002B0C6E /* Release */ = {
			isa = XCBuildConfiguration;
			buildSettings = {
				ALWAYS_SEARCH_USER_PATHS = NO;
				CLANG_ANALYZER_NONNULL = YES;
				CLANG_CXX_LANGUAGE_STANDARD = "gnu++0x";
				CLANG_CXX_LIBRARY = "libc++";
				CLANG_ENABLE_MODULES = YES;
				CLANG_ENABLE_OBJC_ARC = YES;
				CLANG_WARN_BOOL_CONVERSION = YES;
				CLANG_WARN_CONSTANT_CONVERSION = YES;
				CLANG_WARN_DIRECT_OBJC_ISA_USAGE = YES_ERROR;
				CLANG_WARN_EMPTY_BODY = YES;
				CLANG_WARN_ENUM_CONVERSION = YES;
				CLANG_WARN_INT_CONVERSION = YES;
				CLANG_WARN_OBJC_ROOT_CLASS = YES_ERROR;
				CLANG_WARN_UNREACHABLE_CODE = YES;
				CLANG_WARN__DUPLICATE_METHOD_MATCH = YES;
				"CODE_SIGN_IDENTITY[sdk=iphoneos*]" = "iPhone Developer";
				COPY_PHASE_STRIP = NO;
				DEBUG_INFORMATION_FORMAT = "dwarf-with-dsym";
				ENABLE_NS_ASSERTIONS = NO;
				ENABLE_STRICT_OBJC_MSGSEND = YES;
				GCC_C_LANGUAGE_STANDARD = gnu99;
				GCC_NO_COMMON_BLOCKS = YES;
				GCC_WARN_64_TO_32_BIT_CONVERSION = YES;
				GCC_WARN_ABOUT_RETURN_TYPE = YES_ERROR;
				GCC_WARN_UNDECLARED_SELECTOR = YES;
				GCC_WARN_UNINITIALIZED_AUTOS = YES_AGGRESSIVE;
				GCC_WARN_UNUSED_FUNCTION = YES;
				GCC_WARN_UNUSED_VARIABLE = YES;
				IPHONEOS_DEPLOYMENT_TARGET = 9.3;
				MTL_ENABLE_DEBUG_INFO = NO;
				SDKROOT = iphoneos;
				TARGETED_DEVICE_FAMILY = "1,2";
				VALIDATE_PRODUCT = YES;
			};
			name = Release;
		};
		253504691D3DD21D002B0C6E /* Debug */ = {
			isa = XCBuildConfiguration;
			buildSettings = {
				ASSETCATALOG_COMPILER_APPICON_NAME = AppIcon;
				INFOPLIST_FILE = SGCalendar/Info.plist;
				IPHONEOS_DEPLOYMENT_TARGET = 8.0;
				LD_RUNPATH_SEARCH_PATHS = "$(inherited) @executable_path/Frameworks";
				PRODUCT_BUNDLE_IDENTIFIER = com.mangoshuige.SGCalendar;
				PRODUCT_NAME = "$(TARGET_NAME)";
				TARGETED_DEVICE_FAMILY = 1;
			};
			name = Debug;
		};
		2535046A1D3DD21D002B0C6E /* Release */ = {
			isa = XCBuildConfiguration;
			buildSettings = {
				ASSETCATALOG_COMPILER_APPICON_NAME = AppIcon;
				INFOPLIST_FILE = SGCalendar/Info.plist;
				IPHONEOS_DEPLOYMENT_TARGET = 8.0;
				LD_RUNPATH_SEARCH_PATHS = "$(inherited) @executable_path/Frameworks";
				PRODUCT_BUNDLE_IDENTIFIER = com.mangoshuige.SGCalendar;
				PRODUCT_NAME = "$(TARGET_NAME)";
				TARGETED_DEVICE_FAMILY = 1;
			};
			name = Release;
		};
/* End XCBuildConfiguration section */

/* Begin XCConfigurationList section */
		253504511D3DD21D002B0C6E /* Build configuration list for PBXProject "SGCalendar" */ = {
			isa = XCConfigurationList;
			buildConfigurations = (
				253504661D3DD21D002B0C6E /* Debug */,
				253504671D3DD21D002B0C6E /* Release */,
			);
			defaultConfigurationIsVisible = 0;
			defaultConfigurationName = Release;
		};
		253504681D3DD21D002B0C6E /* Build configuration list for PBXNativeTarget "SGCalendar" */ = {
			isa = XCConfigurationList;
			buildConfigurations = (
				253504691D3DD21D002B0C6E /* Debug */,
				2535046A1D3DD21D002B0C6E /* Release */,
			);
			defaultConfigurationIsVisible = 0;
			defaultConfigurationName = Release;
		};
/* End XCConfigurationList section */
	};
	rootObject = 2535044E1D3DD21D002B0C6E /* Project object */;
}
